
Microsoft Visual Studio Solution File, Format Version 12.00
# Visual Studio 14
VisualStudioVersion = 14.0.25420.1
MinimumVisualStudioVersion = 10.0.40219.1
Project("{FAE04EC0-301F-11D3-BF4B-00C04F79EFBC}") = "GamesRepository", "GamesRepository\GamesRepository.csproj", "{5AF557A7-FE25-4CE2-A5F9-A27B300C9B66}"
EndProject
Project("{FAE04EC0-301F-11D3-BF4B-00C04F79EFBC}") = "GamesRepository_Tests", "GamesRepository_Tests\GamesRepository_Tests.csproj", "{91D16464-41DC-49EF-9E57-6FF2FE8831F4}"
EndProject
Project("{FAE04EC0-301F-11D3-BF4B-00C04F79EFBC}") = "GamesExplorer", "GamesExplorer\GamesExplorer.csproj", "{09CC2EA7-8639-4D5B-B1C6-E774ABB4ADAF}"
EndProject
Global
	GlobalSection(SolutionConfigurationPlatforms) = preSolution
		Debug|Any CPU = Debug|Any CPU
		Release|Any CPU = Release|Any CPU
	EndGlobalSection
	GlobalSection(ProjectConfigurationPlatforms) = postSolution
		{5AF557A7-FE25-4CE2-A5F9-A27B300C9B66}.Debug|Any CPU.ActiveCfg = Debug|Any CPU
		{5AF557A7-FE25-4CE2-A5F9-A27B300C9B66}.Debug|Any CPU.Build.0 = Debug|Any CPU
		{5AF557A7-FE25-4CE2-A5F9-A27B300C9B66}.Release|Any CPU.ActiveCfg = Release|Any CPU
		{5AF557A7-FE25-4CE2-A5F9-A27B300C9B66}.Release|Any CPU.Build.0 = Release|Any CPU
		{91D16464-41DC-49EF-9E57-6FF2FE8831F4}.Debug|Any CPU.ActiveCfg = Debug|Any CPU
		{91D16464-41DC-49EF-9E57-6FF2FE8831F4}.Debug|Any CPU.Build.0 = Debug|Any CPU
		{91D16464-41DC-49EF-9E57-6FF2FE8831F4}.Release|Any CPU.ActiveCfg = Release|Any CPU
		{91D16464-41DC-49EF-9E57-6FF2FE8831F4}.Release|Any CPU.Build.0 = Release|Any CPU
		{09CC2EA7-8639-4D5B-B1C6-E774ABB4ADAF}.Debug|Any CPU.ActiveCfg = Debug|Any CPU
		{09CC2EA7-8639-4D5B-B1C6-E774ABB4ADAF}.Debug|Any CPU.Build.0 = Debug|Any CPU
		{09CC2EA7-8639-4D5B-B1C6-E774ABB4ADAF}.Release|Any CPU.ActiveCfg = Release|Any CPU
		{09CC2EA7-8639-4D5B-B1C6-E774ABB4ADAF}.Release|Any CPU.Build.0 = Release|Any CPU
	EndGlobalSection
	GlobalSection(SolutionProperties) = preSolution
		HideSolutionNode = FALSE
	EndGlobalSection
EndGlobal
